
Microsoft Visual Studio Solution File, Format Version 12.00
# Visual Studio Version 17
VisualStudioVersion = 17.11.35208.52
MinimumVisualStudioVersion = 10.0.40219.1
Project("{FAE04EC0-301F-11D3-BF4B-00C04F79EFBC}") = "PicApp.UWP", "PicApp\PicApp.UWP\PicApp.UWP.csproj", "{9FDC9803-EA43-4380-9344-23AE40B69245}"
EndProject
Project("{FAE04EC0-301F-11D3-BF4B-00C04F79EFBC}") = "PicApp.Android", "PicApp\PicApp.Android\PicApp.Android.csproj", "{A13BE609-13D5-4280-AF49-C9FD1314F34F}"
EndProject
Project("{FAE04EC0-301F-11D3-BF4B-00C04F79EFBC}") = "PicApp.iOS", "PicApp\PicApp.iOS\PicApp.iOS.csproj", "{6F3AEFD9-E7FD-44A0-A270-1407D67BD31A}"
EndProject
Project("{FAE04EC0-301F-11D3-BF4B-00C04F79EFBC}") = "PicApp", "PicApp\PicApp\PicApp.csproj", "{7FED88A0-3007-4E58-B47B-C0F66EA31946}"
EndProject
Global
	GlobalSection(SolutionConfigurationPlatforms) = preSolution
		Debug|Any CPU = Debug|Any CPU
		Debug|ARM = Debug|ARM
		Debug|iPhone = Debug|iPhone
		Debug|iPhoneSimulator = Debug|iPhoneSimulator
		Debug|x64 = Debug|x64
		Debug|x86 = Debug|x86
		Release|Any CPU = Release|Any CPU
		Release|ARM = Release|ARM
		Release|iPhone = Release|iPhone
		Release|iPhoneSimulator = Release|iPhoneSimulator
		Release|x64 = Release|x64
		Release|x86 = Release|x86
	EndGlobalSection
	GlobalSection(ProjectConfigurationPlatforms) = postSolution
		{9FDC9803-EA43-4380-9344-23AE40B69245}.Debug|Any CPU.ActiveCfg = Debug|x64
		{9FDC9803-EA43-4380-9344-23AE40B69245}.Debug|Any CPU.Build.0 = Debug|x64
		{9FDC9803-EA43-4380-9344-23AE40B69245}.Debug|Any CPU.Deploy.0 = Debug|x64
		{9FDC9803-EA43-4380-9344-23AE40B69245}.Debug|ARM.ActiveCfg = Debug|ARM
		{9FDC9803-EA43-4380-9344-23AE40B69245}.Debug|ARM.Build.0 = Debug|ARM
		{9FDC9803-EA43-4380-9344-23AE40B69245}.Debug|ARM.Deploy.0 = Debug|ARM
		{9FDC9803-EA43-4380-9344-23AE40B69245}.Debug|iPhone.ActiveCfg = Debug|x64
		{9FDC9803-EA43-4380-9344-23AE40B69245}.Debug|iPhone.Build.0 = Debug|x64
		{9FDC9803-EA43-4380-9344-23AE40B69245}.Debug|iPhone.Deploy.0 = Debug|x64
		{9FDC9803-EA43-4380-9344-23AE40B69245}.Debug|iPhoneSimulator.ActiveCfg = Debug|x64
		{9FDC9803-EA43-4380-9344-23AE40B69245}.Debug|iPhoneSimulator.Build.0 = Debug|x64
		{9FDC9803-EA43-4380-9344-23AE40B69245}.Debug|iPhoneSimulator.Deploy.0 = Debug|x64
		{9FDC9803-EA43-4380-9344-23AE40B69245}.Debug|x64.ActiveCfg = Debug|x64
		{9FDC9803-EA43-4380-9344-23AE40B69245}.Debug|x64.Build.0 = Debug|x64
		{9FDC9803-EA43-4380-9344-23AE40B69245}.Debug|x64.Deploy.0 = Debug|x64
		{9FDC9803-EA43-4380-9344-23AE40B69245}.Debug|x86.ActiveCfg = Debug|x86
		{9FDC9803-EA43-4380-9344-23AE40B69245}.Debug|x86.Build.0 = Debug|x86
		{9FDC9803-EA43-4380-9344-23AE40B69245}.Debug|x86.Deploy.0 = Debug|x86
		{9FDC9803-EA43-4380-9344-23AE40B69245}.Release|Any CPU.ActiveCfg = Release|x64
		{9FDC9803-EA43-4380-9344-23AE40B69245}.Release|Any CPU.Build.0 = Release|x64
		{9FDC9803-EA43-4380-9344-23AE40B69245}.Release|Any CPU.Deploy.0 = Release|x64
		{9FDC9803-EA43-4380-9344-23AE40B69245}.Release|ARM.ActiveCfg = Release|ARM
		{9FDC9803-EA43-4380-9344-23AE40B69245}.Release|ARM.Build.0 = Release|ARM
		{9FDC9803-EA43-4380-9344-23AE40B69245}.Release|ARM.Deploy.0 = Release|ARM
		{9FDC9803-EA43-4380-9344-23AE40B69245}.Release|iPhone.ActiveCfg = Release|x64
		{9FDC9803-EA43-4380-9344-23AE40B69245}.Release|iPhone.Build.0 = Release|x64
		{9FDC9803-EA43-4380-9344-23AE40B69245}.Release|iPhone.Deploy.0 = Release|x64
		{9FDC9803-EA43-4380-9344-23AE40B69245}.Release|iPhoneSimulator.ActiveCfg = Release|x64
		{9FDC9803-EA43-4380-9344-23AE40B69245}.Release|iPhoneSimulator.Build.0 = Release|x64
		{9FDC9803-EA43-4380-9344-23AE40B69245}.Release|iPhoneSimulator.Deploy.0 = Release|x64
		{9FDC9803-EA43-4380-9344-23AE40B69245}.Release|x64.ActiveCfg = Release|x64
		{9FDC9803-EA43-4380-9344-23AE40B69245}.Release|x64.Build.0 = Release|x64
		{9FDC9803-EA43-4380-9344-23AE40B69245}.Release|x64.Deploy.0 = Release|x64
		{9FDC9803-EA43-4380-9344-23AE40B69245}.Release|x86.ActiveCfg = Release|x86
		{9FDC9803-EA43-4380-9344-23AE40B69245}.Release|x86.Build.0 = Release|x86
		{9FDC9803-EA43-4380-9344-23AE40B69245}.Release|x86.Deploy.0 = Release|x86
		{A13BE609-13D5-4280-AF49-C9FD1314F34F}.Debug|Any CPU.ActiveCfg = Debug|Any CPU
		{A13BE609-13D5-4280-AF49-C9FD1314F34F}.Debug|Any CPU.Build.0 = Debug|Any CPU
		{A13BE609-13D5-4280-AF49-C9FD1314F34F}.Debug|Any CPU.Deploy.0 = Debug|Any CPU
		{A13BE609-13D5-4280-AF49-C9FD1314F34F}.Debug|ARM.ActiveCfg = Debug|Any CPU
		{A13BE609-13D5-4280-AF49-C9FD1314F34F}.Debug|ARM.Build.0 = Debug|Any CPU
		{A13BE609-13D5-4280-AF49-C9FD1314F34F}.Debug|ARM.Deploy.0 = Debug|Any CPU
		{A13BE609-13D5-4280-AF49-C9FD1314F34F}.Debug|iPhone.ActiveCfg = Debug|Any CPU
		{A13BE609-13D5-4280-AF49-C9FD1314F34F}.Debug|iPhone.Build.0 = Debug|Any CPU
		{A13BE609-13D5-4280-AF49-C9FD1314F34F}.Debug|iPhone.Deploy.0 = Debug|Any CPU
		{A13BE609-13D5-4280-AF49-C9FD1314F34F}.Debug|iPhoneSimulator.ActiveCfg = Debug|Any CPU
		{A13BE609-13D5-4280-AF49-C9FD1314F34F}.Debug|iPhoneSimulator.Build.0 = Debug|Any CPU
		{A13BE609-13D5-4280-AF49-C9FD1314F34F}.Debug|iPhoneSimulator.Deploy.0 = Debug|Any CPU
		{A13BE609-13D5-4280-AF49-C9FD1314F34F}.Debug|x64.ActiveCfg = Debug|Any CPU
		{A13BE609-13D5-4280-AF49-C9FD1314F34F}.Debug|x64.Build.0 = Debug|Any CPU
		{A13BE609-13D5-4280-AF49-C9FD1314F34F}.Debug|x64.Deploy.0 = Debug|Any CPU
		{A13BE609-13D5-4280-AF49-C9FD1314F34F}.Debug|x86.ActiveCfg = Debug|Any CPU
		{A13BE609-13D5-4280-AF49-C9FD1314F34F}.Debug|x86.Build.0 = Debug|Any CPU
		{A13BE609-13D5-4280-AF49-C9FD1314F34F}.Debug|x86.Deploy.0 = Debug|Any CPU
		{A13BE609-13D5-4280-AF49-C9FD1314F34F}.Release|Any CPU.ActiveCfg = Release|Any CPU
		{A13BE609-13D5-4280-AF49-C9FD1314F34F}.Release|Any CPU.Build.0 = Release|Any CPU
		{A13BE609-13D5-4280-AF49-C9FD1314F34F}.Release|Any CPU.Deploy.0 = Release|Any CPU
		{A13BE609-13D5-4280-AF49-C9FD1314F34F}.Release|ARM.ActiveCfg = Release|Any CPU
		{A13BE609-13D5-4280-AF49-C9FD1314F34F}.Release|ARM.Build.0 = Release|Any CPU
		{A13BE609-13D5-4280-AF49-C9FD1314F34F}.Release|ARM.Deploy.0 = Release|Any CPU
		{A13BE609-13D5-4280-AF49-C9FD1314F34F}.Release|iPhone.ActiveCfg = Release|Any CPU
		{A13BE609-13D5-4280-AF49-C9FD1314F34F}.Release|iPhone.Build.0 = Release|Any CPU
		{A13BE609-13D5-4280-AF49-C9FD1314F34F}.Release|iPhone.Deploy.0 = Release|Any CPU
		{A13BE609-13D5-4280-AF49-C9FD1314F34F}.Release|iPhoneSimulator.ActiveCfg = Release|Any CPU
		{A13BE609-13D5-4280-AF49-C9FD1314F34F}.Release|iPhoneSimulator.Build.0 = Release|Any CPU
		{A13BE609-13D5-4280-AF49-C9FD1314F34F}.Release|iPhoneSimulator.Deploy.0 = Release|Any CPU
		{A13BE609-13D5-4280-AF49-C9FD1314F34F}.Release|x64.ActiveCfg = Release|Any CPU
		{A13BE609-13D5-4280-AF49-C9FD1314F34F}.Release|x64.Build.0 = Release|Any CPU
		{A13BE609-13D5-4280-AF49-C9FD1314F34F}.Release|x64.Deploy.0 = Release|Any CPU
		{A13BE609-13D5-4280-AF49-C9FD1314F34F}.Release|x86.ActiveCfg = Release|Any CPU
		{A13BE609-13D5-4280-AF49-C9FD1314F34F}.Release|x86.Build.0 = Release|Any CPU
		{A13BE609-13D5-4280-AF49-C9FD1314F34F}.Release|x86.Deploy.0 = Release|Any CPU
		{6F3AEFD9-E7FD-44A0-A270-1407D67BD31A}.Debug|Any CPU.ActiveCfg = Debug|iPhoneSimulator
		{6F3AEFD9-E7FD-44A0-A270-1407D67BD31A}.Debug|Any CPU.Build.0 = Debug|iPhoneSimulator
		{6F3AEFD9-E7FD-44A0-A270-1407D67BD31A}.Debug|Any CPU.Deploy.0 = Debug|iPhoneSimulator
		{6F3AEFD9-E7FD-44A0-A270-1407D67BD31A}.Debug|ARM.ActiveCfg = Debug|iPhoneSimulator
		{6F3AEFD9-E7FD-44A0-A270-1407D67BD31A}.Debug|ARM.Build.0 = Debug|iPhoneSimulator
		{6F3AEFD9-E7FD-44A0-A270-1407D67BD31A}.Debug|ARM.Deploy.0 = Debug|iPhoneSimulator
		{6F3AEFD9-E7FD-44A0-A270-1407D67BD31A}.Debug|iPhone.ActiveCfg = Debug|iPhone
		{6F3AEFD9-E7FD-44A0-A270-1407D67BD31A}.Debug|iPhone.Build.0 = Debug|iPhone
		{6F3AEFD9-E7FD-44A0-A270-1407D67BD31A}.Debug|iPhone.Deploy.0 = Debug|iPhone
		{6F3AEFD9-E7FD-44A0-A270-1407D67BD31A}.Debug|iPhoneSimulator.ActiveCfg = Debug|iPhoneSimulator
		{6F3AEFD9-E7FD-44A0-A270-1407D67BD31A}.Debug|iPhoneSimulator.Build.0 = Debug|iPhoneSimulator
		{6F3AEFD9-E7FD-44A0-A270-1407D67BD31A}.Debug|iPhoneSimulator.Deploy.0 = Debug|iPhoneSimulator
		{6F3AEFD9-E7FD-44A0-A270-1407D67BD31A}.Debug|x64.ActiveCfg = Debug|iPhone
		{6F3AEFD9-E7FD-44A0-A270-1407D67BD31A}.Debug|x64.Build.0 = Debug|iPhone
		{6F3AEFD9-E7FD-44A0-A270-1407D67BD31A}.Debug|x64.Deploy.0 = Debug|iPhone
		{6F3AEFD9-E7FD-44A0-A270-1407D67BD31A}.Debug|x86.ActiveCfg = Debug|iPhoneSimulator
		{6F3AEFD9-E7FD-44A0-A270-1407D67BD31A}.Debug|x86.Build.0 = Debug|iPhoneSimulator
		{6F3AEFD9-E7FD-44A0-A270-1407D67BD31A}.Debug|x86.Deploy.0 = Debug|iPhoneSimulator
		{6F3AEFD9-E7FD-44A0-A270-1407D67BD31A}.Release|Any CPU.ActiveCfg = Release|iPhoneSimulator
		{6F3AEFD9-E7FD-44A0-A270-1407D67BD31A}.Release|Any CPU.Build.0 = Release|iPhoneSimulator
		{6F3AEFD9-E7FD-44A0-A270-1407D67BD31A}.Release|Any CPU.Deploy.0 = Release|iPhoneSimulator
		{6F3AEFD9-E7FD-44A0-A270-1407D67BD31A}.Release|ARM.ActiveCfg = Release|iPhoneSimulator
		{6F3AEFD9-E7FD-44A0-A270-1407D67BD31A}.Release|ARM.Build.0 = Release|iPhoneSimulator
		{6F3AEFD9-E7FD-44A0-A270-1407D67BD31A}.Release|ARM.Deploy.0 = Release|iPhoneSimulator
		{6F3AEFD9-E7FD-44A0-A270-1407D67BD31A}.Release|iPhone.ActiveCfg = Release|iPhone
		{6F3AEFD9-E7FD-44A0-A270-1407D67BD31A}.Release|iPhone.Build.0 = Release|iPhone
		{6F3AEFD9-E7FD-44A0-A270-1407D67BD31A}.Release|iPhone.Deploy.0 = Release|iPhone
		{6F3AEFD9-E7FD-44A0-A270-1407D67BD31A}.Release|iPhoneSimulator.ActiveCfg = Release|iPhoneSimulator
		{6F3AEFD9-E7FD-44A0-A270-1407D67BD31A}.Release|iPhoneSimulator.Build.0 = Release|iPhoneSimulator
		{6F3AEFD9-E7FD-44A0-A270-1407D67BD31A}.Release|iPhoneSimulator.Deploy.0 = Release|iPhoneSimulator
		{6F3AEFD9-E7FD-44A0-A270-1407D67BD31A}.Release|x64.ActiveCfg = Release|iPhoneSimulator
		{6F3AEFD9-E7FD-44A0-A270-1407D67BD31A}.Release|x64.Build.0 = Release|iPhoneSimulator
		{6F3AEFD9-E7FD-44A0-A270-1407D67BD31A}.Release|x64.Deploy.0 = Release|iPhoneSimulator
		{6F3AEFD9-E7FD-44A0-A270-1407D67BD31A}.Release|x86.ActiveCfg = Release|iPhoneSimulator
		{6F3AEFD9-E7FD-44A0-A270-1407D67BD31A}.Release|x86.Build.0 = Release|iPhoneSimulator
		{6F3AEFD9-E7FD-44A0-A270-1407D67BD31A}.Release|x86.Deploy.0 = Release|iPhoneSimulator
		{7FED88A0-3007-4E58-B47B-C0F66EA31946}.Debug|Any CPU.ActiveCfg = Debug|Any CPU
		{7FED88A0-3007-4E58-B47B-C0F66EA31946}.Debug|Any CPU.Build.0 = Debug|Any CPU
		{7FED88A0-3007-4E58-B47B-C0F66EA31946}.Debug|Any CPU.Deploy.0 = Debug|Any CPU
		{7FED88A0-3007-4E58-B47B-C0F66EA31946}.Debug|ARM.ActiveCfg = Debug|Any CPU
		{7FED88A0-3007-4E58-B47B-C0F66EA31946}.Debug|ARM.Build.0 = Debug|Any CPU
		{7FED88A0-3007-4E58-B47B-C0F66EA31946}.Debug|ARM.Deploy.0 = Debug|Any CPU
		{7FED88A0-3007-4E58-B47B-C0F66EA31946}.Debug|iPhone.ActiveCfg = Debug|Any CPU
		{7FED88A0-3007-4E58-B47B-C0F66EA31946}.Debug|iPhone.Build.0 = Debug|Any CPU
		{7FED88A0-3007-4E58-B47B-C0F66EA31946}.Debug|iPhone.Deploy.0 = Debug|Any CPU
		{7FED88A0-3007-4E58-B47B-C0F66EA31946}.Debug|iPhoneSimulator.ActiveCfg = Debug|Any CPU
		{7FED88A0-3007-4E58-B47B-C0F66EA31946}.Debug|iPhoneSimulator.Build.0 = Debug|Any CPU
		{7FED88A0-3007-4E58-B47B-C0F66EA31946}.Debug|iPhoneSimulator.Deploy.0 = Debug|Any CPU
		{7FED88A0-3007-4E58-B47B-C0F66EA31946}.Debug|x64.ActiveCfg = Debug|Any CPU
		{7FED88A0-3007-4E58-B47B-C0F66EA31946}.Debug|x64.Build.0 = Debug|Any CPU
		{7FED88A0-3007-4E58-B47B-C0F66EA31946}.Debug|x64.Deploy.0 = Debug|Any CPU
		{7FED88A0-3007-4E58-B47B-C0F66EA31946}.Debug|x86.ActiveCfg = Debug|Any CPU
		{7FED88A0-3007-4E58-B47B-C0F66EA31946}.Debug|x86.Build.0 = Debug|Any CPU
		{7FED88A0-3007-4E58-B47B-C0F66EA31946}.Debug|x86.Deploy.0 = Debug|Any CPU
		{7FED88A0-3007-4E58-B47B-C0F66EA31946}.Release|Any CPU.ActiveCfg = Release|Any CPU
		{7FED88A0-3007-4E58-B47B-C0F66EA31946}.Release|Any CPU.Build.0 = Release|Any CPU
		{7FED88A0-3007-4E58-B47B-C0F66EA31946}.Release|Any CPU.Deploy.0 = Release|Any CPU
		{7FED88A0-3007-4E58-B47B-C0F66EA31946}.Release|ARM.ActiveCfg = Release|Any CPU
		{7FED88A0-3007-4E58-B47B-C0F66EA31946}.Release|ARM.Build.0 = Release|Any CPU
		{7FED88A0-3007-4E58-B47B-C0F66EA31946}.Release|ARM.Deploy.0 = Release|Any CPU
		{7FED88A0-3007-4E58-B47B-C0F66EA31946}.Release|iPhone.ActiveCfg = Release|Any CPU
		{7FED88A0-3007-4E58-B47B-C0F66EA31946}.Release|iPhone.Build.0 = Release|Any CPU
		{7FED88A0-3007-4E58-B47B-C0F66EA31946}.Release|iPhone.Deploy.0 = Release|Any CPU
		{7FED88A0-3007-4E58-B47B-C0F66EA31946}.Release|iPhoneSimulator.ActiveCfg = Release|Any CPU
		{7FED88A0-3007-4E58-B47B-C0F66EA31946}.Release|iPhoneSimulator.Build.0 = Release|Any CPU
		{7FED88A0-3007-4E58-B47B-C0F66EA31946}.Release|iPhoneSimulator.Deploy.0 = Release|Any CPU
		{7FED88A0-3007-4E58-B47B-C0F66EA31946}.Release|x64.ActiveCfg = Release|Any CPU
		{7FED88A0-3007-4E58-B47B-C0F66EA31946}.Release|x64.Build.0 = Release|Any CPU
		{7FED88A0-3007-4E58-B47B-C0F66EA31946}.Release|x64.Deploy.0 = Release|Any CPU
		{7FED88A0-3007-4E58-B47B-C0F66EA31946}.Release|x86.ActiveCfg = Release|Any CPU
		{7FED88A0-3007-4E58-B47B-C0F66EA31946}.Release|x86.Build.0 = Release|Any CPU
		{7FED88A0-3007-4E58-B47B-C0F66EA31946}.Release|x86.Deploy.0 = Release|Any CPU
	EndGlobalSection
	GlobalSection(SolutionProperties) = preSolution
		HideSolutionNode = FALSE
	EndGlobalSection
	GlobalSection(ExtensibilityGlobals) = postSolution
		SolutionGuid = {6F864441-47B0-4067-B8D3-C2730085C1F3}
	EndGlobalSection
EndGlobal
